{
  "name": "nextjwt",
  "version": "1.5.3",
  "lockfileVersion": 2,
  "requires": true,
  "packages": {
    "": {
      "name": "nextjwt",
      "version": "1.5.3",
      "license": "See LICENSE.md",
      "dependencies": {
        "jose": "^4.11.1",
        "nextjwt": "^1.5.3"
      },
      "devDependencies": {
        "@types/node": "^18.11.14",
        "@types/node-jose": "^1.1.10",
        "typescript": "^4.9.4"
      }
    },
    "node_modules/@types/node": {
      "version": "18.11.14",
      "resolved": "https://registry.npmjs.org/@types/node/-/node-18.11.14.tgz",
      "integrity": "sha512-0KXV57tENYmmJMl+FekeW9V3O/rlcqGQQJ/hNh9r8pKIj304pskWuEd8fCyNT86g/TpO0gcOTiLzsHLEURFMIQ==",
      "dev": true
    },
    "node_modules/@types/node-jose": {
      "version": "1.1.10",
      "resolved": "https://registry.npmjs.org/@types/node-jose/-/node-jose-1.1.10.tgz",
      "integrity": "sha512-7L0ucJTugW4x/sYpQ+c5IudAwr0pFuxDVnZLpHKWpff7p1lVa3wTuNvnrzFBNeLojE+UY0cVCwNGXLxXsMIrzw==",
      "dev": true,
      "dependencies": {
        "@types/node": "*"
      }
    },
    "node_modules/jose": {
      "version": "4.11.1",
      "resolved": "https://registry.npmjs.org/jose/-/jose-4.11.1.tgz",
      "integrity": "sha512-YRv4Tk/Wlug8qicwqFNFVEZSdbROCHRAC6qu/i0dyNKr5JQdoa2pIGoS04lLO/jXQX7Z9omoNewYIVIxqZBd9Q==",
      "funding": {
        "url": "https://github.com/sponsors/panva"
      }
    },
    "node_modules/nextjwt": {
      "version": "1.5.3",
      "resolved": "https://registry.npmjs.org/nextjwt/-/nextjwt-1.5.3.tgz",
      "integrity": "sha512-pEENFafqGJ1sqCFBurGMKE81vgyqLdw5vZa1rvuUBaaHavp/gssR7iLhiQZQ5eZ9KExOxXZPFSe+LoLMrNWgvQ==",
      "dependencies": {
        "jose": "^4.11.1"
      }
    },
    "node_modules/typescript": {
      "version": "4.9.4",
      "resolved": "https://registry.npmjs.org/typescript/-/typescript-4.9.4.tgz",
      "integrity": "sha512-Uz+dTXYzxXXbsFpM86Wh3dKCxrQqUcVMxwU54orwlJjOpO3ao8L7j5lH+dWfTwgCwIuM9GQ2kvVotzYJMXTBZg==",
      "dev": true,
      "bin": {
        "tsc": "bin/tsc",
        "tsserver": "bin/tsserver"
      },
      "engines": {
        "node": ">=4.2.0"
      }
    }
  },
  "dependencies": {
    "@types/node": {
      "version": "18.11.14",
      "resolved": "https://registry.npmjs.org/@types/node/-/node-18.11.14.tgz",
      "integrity": "sha512-0KXV57tENYmmJMl+FekeW9V3O/rlcqGQQJ/hNh9r8pKIj304pskWuEd8fCyNT86g/TpO0gcOTiLzsHLEURFMIQ==",
      "dev": true
    },
    "@types/node-jose": {
      "version": "1.1.10",
      "resolved": "https://registry.npmjs.org/@types/node-jose/-/node-jose-1.1.10.tgz",
      "integrity": "sha512-7L0ucJTugW4x/sYpQ+c5IudAwr0pFuxDVnZLpHKWpff7p1lVa3wTuNvnrzFBNeLojE+UY0cVCwNGXLxXsMIrzw==",
      "dev": true,
      "requires": {
        "@types/node": "*"
      }
    },
    "jose": {
      "version": "4.11.1",
      "resolved": "https://registry.npmjs.org/jose/-/jose-4.11.1.tgz",
      "integrity": "sha512-YRv4Tk/Wlug8qicwqFNFVEZSdbROCHRAC6qu/i0dyNKr5JQdoa2pIGoS04lLO/jXQX7Z9omoNewYIVIxqZBd9Q=="
    },
    "nextjwt": {
      "version": "1.5.3",
      "resolved": "https://registry.npmjs.org/nextjwt/-/nextjwt-1.5.3.tgz",
      "integrity": "sha512-pEENFafqGJ1sqCFBurGMKE81vgyqLdw5vZa1rvuUBaaHavp/gssR7iLhiQZQ5eZ9KExOxXZPFSe+LoLMrNWgvQ==",
      "requires": {
        "jose": "^4.11.1"
      }
    },
    "typescript": {
      "version": "4.9.4",
      "resolved": "https://registry.npmjs.org/typescript/-/typescript-4.9.4.tgz",
      "integrity": "sha512-Uz+dTXYzxXXbsFpM86Wh3dKCxrQqUcVMxwU54orwlJjOpO3ao8L7j5lH+dWfTwgCwIuM9GQ2kvVotzYJMXTBZg==",
      "dev": true
    }
  }
}
